
Microsoft Visual Studio Solution File, Format Version 12.00
# Visual Studio Version 17
VisualStudioVersion = 17.10.35122.118
MinimumVisualStudioVersion = 10.0.40219.1
Project("{9A19103F-16F7-4668-BE54-9A1E7A4F7556}") = "ClientServices", "ClientServices\ClientServices.csproj", "{63C3329B-E0CD-47C0-8E6B-38F711A953FA}"
EndProject
Project("{9A19103F-16F7-4668-BE54-9A1E7A4F7556}") = "ClientServices.NetFx.Tests", "ClientServices.NetFx.Tests\ClientServices.NetFx.Tests.csproj", "{4510F1BC-586C-489A-B5F3-07DC2178FFDD}"
EndProject
Project("{9A19103F-16F7-4668-BE54-9A1E7A4F7556}") = "DbModels", "DbModels\DbModels.csproj", "{6E448A4F-7006-480E-9FC4-6F792254DF1A}"
EndProject
Project("{9A19103F-16F7-4668-BE54-9A1E7A4F7556}") = "Interfaces", "Interfaces\Interfaces.csproj", "{F04AB7B5-C4D2-4E3E-AAC5-A4CC8612CFC5}"
EndProject
Project("{2150E333-8FDC-42A3-9474-1A3956D46DE8}") = "10-Core", "10-Core", "{48F54CCA-001E-40D5-B4F4-09722DB4EBC8}"
EndProject
Project("{2150E333-8FDC-42A3-9474-1A3956D46DE8}") = "20-Infrastructure", "20-Infrastructure", "{8E5CBC8B-6BF1-4E88-925E-0A8934357A45}"
EndProject
Project("{2150E333-8FDC-42A3-9474-1A3956D46DE8}") = "30-ClientServices", "30-ClientServices", "{7D992BAC-FB0B-400F-86A4-05924DF65072}"
EndProject
Project("{2150E333-8FDC-42A3-9474-1A3956D46DE8}") = "55-ClientUIs", "55-ClientUIs", "{7B352A57-59B2-4DBB-8079-14057EA1C8E0}"
EndProject
Project("{9A19103F-16F7-4668-BE54-9A1E7A4F7556}") = "WebApp", "ClientUIs\WebApp\WebApp.csproj", "{18869B44-951A-441D-9E56-0DAA29E63582}"
EndProject
Project("{FAE04EC0-301F-11D3-BF4B-00C04F79EFBC}") = "WinUI.NetFx.WPF", "ClientUIs\WinUI.NetFx.WPF\WinUI.NetFx.WPF.csproj", "{33F8BDB2-0EFE-4430-AF10-5518BC0CB794}"
EndProject
Project("{9A19103F-16F7-4668-BE54-9A1E7A4F7556}") = "MauiDemo", "MauiDemo\MauiDemo.csproj", "{B04CE068-E104-47D8-B651-A4B143023214}"
EndProject
Project("{9A19103F-16F7-4668-BE54-9A1E7A4F7556}") = "BlazorWasm", "BlazorWasm\BlazorWasm.csproj", "{87122659-710B-498B-A0CB-FCD5188903CC}"
EndProject
Project("{9A19103F-16F7-4668-BE54-9A1E7A4F7556}") = "WinUI.NetCore.WPF", "ClientUIs\WinUI.NetCore.WPF\WinUI.NetCore.WPF.csproj", "{7416EDD1-4D71-4401-A6E7-64647CE28D46}"
EndProject
Project("{2150E333-8FDC-42A3-9474-1A3956D46DE8}") = "Solution Items", "Solution Items", "{94ABC27D-B9DF-41B4-8A17-88802022752D}"
	ProjectSection(SolutionItems) = preProject
		.gitignore = .gitignore
		LICENSE = LICENSE
		README.md = README.md
	EndProjectSection
EndProject
Project("{2150E333-8FDC-42A3-9474-1A3956D46DE8}") = "NetFx", "NetFx", "{D7DB3B6F-6E3E-434F-A4DE-4D17A4157FEA}"
EndProject
Project("{2150E333-8FDC-42A3-9474-1A3956D46DE8}") = "NetCore", "NetCore", "{5D861C1D-8672-40B4-8778-DAA702DD66B7}"
EndProject
Project("{FAE04EC0-301F-11D3-BF4B-00C04F79EFBC}") = "Console.NetFx", "Console.NetFx\Console.NetFx.csproj", "{394782C2-A901-4260-81A3-9BA44DFA24FF}"
EndProject
Project("{FAE04EC0-301F-11D3-BF4B-00C04F79EFBC}") = "WinForms.NetFx", "WinForms.NetFx\WinForms.NetFx.csproj", "{BB010203-1CB7-4D6C-9051-C2CBA8F51CAD}"
EndProject
Project("{FAE04EC0-301F-11D3-BF4B-00C04F79EFBC}") = "WebForms.NetFx", "WebForms.NetFx\WebForms.NetFx.csproj", "{C3B9ACB6-9735-46AF-A73A-69990A76A692}"
EndProject
Global
	GlobalSection(SolutionConfigurationPlatforms) = preSolution
		Debug|Any CPU = Debug|Any CPU
		Release|Any CPU = Release|Any CPU
	EndGlobalSection
	GlobalSection(ProjectConfigurationPlatforms) = postSolution
		{63C3329B-E0CD-47C0-8E6B-38F711A953FA}.Debug|Any CPU.ActiveCfg = Debug|Any CPU
		{63C3329B-E0CD-47C0-8E6B-38F711A953FA}.Debug|Any CPU.Build.0 = Debug|Any CPU
		{63C3329B-E0CD-47C0-8E6B-38F711A953FA}.Release|Any CPU.ActiveCfg = Release|Any CPU
		{63C3329B-E0CD-47C0-8E6B-38F711A953FA}.Release|Any CPU.Build.0 = Release|Any CPU
		{4510F1BC-586C-489A-B5F3-07DC2178FFDD}.Debug|Any CPU.ActiveCfg = Debug|Any CPU
		{4510F1BC-586C-489A-B5F3-07DC2178FFDD}.Debug|Any CPU.Build.0 = Debug|Any CPU
		{4510F1BC-586C-489A-B5F3-07DC2178FFDD}.Release|Any CPU.ActiveCfg = Release|Any CPU
		{4510F1BC-586C-489A-B5F3-07DC2178FFDD}.Release|Any CPU.Build.0 = Release|Any CPU
		{6E448A4F-7006-480E-9FC4-6F792254DF1A}.Debug|Any CPU.ActiveCfg = Debug|Any CPU
		{6E448A4F-7006-480E-9FC4-6F792254DF1A}.Debug|Any CPU.Build.0 = Debug|Any CPU
		{6E448A4F-7006-480E-9FC4-6F792254DF1A}.Release|Any CPU.ActiveCfg = Release|Any CPU
		{6E448A4F-7006-480E-9FC4-6F792254DF1A}.Release|Any CPU.Build.0 = Release|Any CPU
		{F04AB7B5-C4D2-4E3E-AAC5-A4CC8612CFC5}.Debug|Any CPU.ActiveCfg = Debug|Any CPU
		{F04AB7B5-C4D2-4E3E-AAC5-A4CC8612CFC5}.Debug|Any CPU.Build.0 = Debug|Any CPU
		{F04AB7B5-C4D2-4E3E-AAC5-A4CC8612CFC5}.Release|Any CPU.ActiveCfg = Release|Any CPU
		{F04AB7B5-C4D2-4E3E-AAC5-A4CC8612CFC5}.Release|Any CPU.Build.0 = Release|Any CPU
		{18869B44-951A-441D-9E56-0DAA29E63582}.Debug|Any CPU.ActiveCfg = Debug|Any CPU
		{18869B44-951A-441D-9E56-0DAA29E63582}.Debug|Any CPU.Build.0 = Debug|Any CPU
		{18869B44-951A-441D-9E56-0DAA29E63582}.Release|Any CPU.ActiveCfg = Release|Any CPU
		{18869B44-951A-441D-9E56-0DAA29E63582}.Release|Any CPU.Build.0 = Release|Any CPU
		{33F8BDB2-0EFE-4430-AF10-5518BC0CB794}.Debug|Any CPU.ActiveCfg = Debug|Any CPU
		{33F8BDB2-0EFE-4430-AF10-5518BC0CB794}.Debug|Any CPU.Build.0 = Debug|Any CPU
		{33F8BDB2-0EFE-4430-AF10-5518BC0CB794}.Release|Any CPU.ActiveCfg = Release|Any CPU
		{33F8BDB2-0EFE-4430-AF10-5518BC0CB794}.Release|Any CPU.Build.0 = Release|Any CPU
		{B04CE068-E104-47D8-B651-A4B143023214}.Debug|Any CPU.ActiveCfg = Debug|Any CPU
		{B04CE068-E104-47D8-B651-A4B143023214}.Debug|Any CPU.Build.0 = Debug|Any CPU
		{B04CE068-E104-47D8-B651-A4B143023214}.Debug|Any CPU.Deploy.0 = Debug|Any CPU
		{B04CE068-E104-47D8-B651-A4B143023214}.Release|Any CPU.ActiveCfg = Release|Any CPU
		{B04CE068-E104-47D8-B651-A4B143023214}.Release|Any CPU.Build.0 = Release|Any CPU
		{B04CE068-E104-47D8-B651-A4B143023214}.Release|Any CPU.Deploy.0 = Release|Any CPU
		{87122659-710B-498B-A0CB-FCD5188903CC}.Debug|Any CPU.ActiveCfg = Debug|Any CPU
		{87122659-710B-498B-A0CB-FCD5188903CC}.Debug|Any CPU.Build.0 = Debug|Any CPU
		{87122659-710B-498B-A0CB-FCD5188903CC}.Release|Any CPU.ActiveCfg = Release|Any CPU
		{87122659-710B-498B-A0CB-FCD5188903CC}.Release|Any CPU.Build.0 = Release|Any CPU
		{7416EDD1-4D71-4401-A6E7-64647CE28D46}.Debug|Any CPU.ActiveCfg = Debug|Any CPU
		{7416EDD1-4D71-4401-A6E7-64647CE28D46}.Debug|Any CPU.Build.0 = Debug|Any CPU
		{7416EDD1-4D71-4401-A6E7-64647CE28D46}.Release|Any CPU.ActiveCfg = Release|Any CPU
		{7416EDD1-4D71-4401-A6E7-64647CE28D46}.Release|Any CPU.Build.0 = Release|Any CPU
		{394782C2-A901-4260-81A3-9BA44DFA24FF}.Debug|Any CPU.ActiveCfg = Debug|Any CPU
		{394782C2-A901-4260-81A3-9BA44DFA24FF}.Debug|Any CPU.Build.0 = Debug|Any CPU
		{394782C2-A901-4260-81A3-9BA44DFA24FF}.Release|Any CPU.ActiveCfg = Release|Any CPU
		{394782C2-A901-4260-81A3-9BA44DFA24FF}.Release|Any CPU.Build.0 = Release|Any CPU
		{BB010203-1CB7-4D6C-9051-C2CBA8F51CAD}.Debug|Any CPU.ActiveCfg = Debug|Any CPU
		{BB010203-1CB7-4D6C-9051-C2CBA8F51CAD}.Debug|Any CPU.Build.0 = Debug|Any CPU
		{BB010203-1CB7-4D6C-9051-C2CBA8F51CAD}.Release|Any CPU.ActiveCfg = Release|Any CPU
		{BB010203-1CB7-4D6C-9051-C2CBA8F51CAD}.Release|Any CPU.Build.0 = Release|Any CPU
		{C3B9ACB6-9735-46AF-A73A-69990A76A692}.Debug|Any CPU.ActiveCfg = Debug|Any CPU
		{C3B9ACB6-9735-46AF-A73A-69990A76A692}.Debug|Any CPU.Build.0 = Debug|Any CPU
		{C3B9ACB6-9735-46AF-A73A-69990A76A692}.Release|Any CPU.ActiveCfg = Release|Any CPU
		{C3B9ACB6-9735-46AF-A73A-69990A76A692}.Release|Any CPU.Build.0 = Release|Any CPU
	EndGlobalSection
	GlobalSection(SolutionProperties) = preSolution
		HideSolutionNode = FALSE
	EndGlobalSection
	GlobalSection(NestedProjects) = preSolution
		{63C3329B-E0CD-47C0-8E6B-38F711A953FA} = {7D992BAC-FB0B-400F-86A4-05924DF65072}
		{4510F1BC-586C-489A-B5F3-07DC2178FFDD} = {7D992BAC-FB0B-400F-86A4-05924DF65072}
		{6E448A4F-7006-480E-9FC4-6F792254DF1A} = {8E5CBC8B-6BF1-4E88-925E-0A8934357A45}
		{F04AB7B5-C4D2-4E3E-AAC5-A4CC8612CFC5} = {48F54CCA-001E-40D5-B4F4-09722DB4EBC8}
		{18869B44-951A-441D-9E56-0DAA29E63582} = {5D861C1D-8672-40B4-8778-DAA702DD66B7}
		{33F8BDB2-0EFE-4430-AF10-5518BC0CB794} = {D7DB3B6F-6E3E-434F-A4DE-4D17A4157FEA}
		{B04CE068-E104-47D8-B651-A4B143023214} = {5D861C1D-8672-40B4-8778-DAA702DD66B7}
		{87122659-710B-498B-A0CB-FCD5188903CC} = {5D861C1D-8672-40B4-8778-DAA702DD66B7}
		{7416EDD1-4D71-4401-A6E7-64647CE28D46} = {5D861C1D-8672-40B4-8778-DAA702DD66B7}
		{D7DB3B6F-6E3E-434F-A4DE-4D17A4157FEA} = {7B352A57-59B2-4DBB-8079-14057EA1C8E0}
		{5D861C1D-8672-40B4-8778-DAA702DD66B7} = {7B352A57-59B2-4DBB-8079-14057EA1C8E0}
		{394782C2-A901-4260-81A3-9BA44DFA24FF} = {D7DB3B6F-6E3E-434F-A4DE-4D17A4157FEA}
		{BB010203-1CB7-4D6C-9051-C2CBA8F51CAD} = {D7DB3B6F-6E3E-434F-A4DE-4D17A4157FEA}
		{C3B9ACB6-9735-46AF-A73A-69990A76A692} = {D7DB3B6F-6E3E-434F-A4DE-4D17A4157FEA}
	EndGlobalSection
	GlobalSection(ExtensibilityGlobals) = postSolution
		SolutionGuid = {455EB573-EFA6-49C4-AE72-FF17D9942D9E}
	EndGlobalSection
EndGlobal
